
Microsoft Visual Studio Solution File, Format Version 12.00
# Visual Studio Version 16
VisualStudioVersion = 16.0.30611.23
MinimumVisualStudioVersion = 10.0.40219.1
Project("{9A19103F-16F7-4668-BE54-9A1E7A4F7556}") = "MyPortfolio", "MyPortfolio\MyPortfolio.csproj", "{D0DA10B3-A05E-43CC-AD77-3A5606D4CB8A}"
EndProject
Project("{9A19103F-16F7-4668-BE54-9A1E7A4F7556}") = "MyPortfolio.BusinessLogic", "MyPortfolio.BusinessLogic\MyPortfolio.BusinessLogic.csproj", "{3EA8C046-C495-495F-8F6D-46846FF2422F}"
EndProject
Project("{9A19103F-16F7-4668-BE54-9A1E7A4F7556}") = "MyPortfolio.DataAccess", "MyPortfolio.DataAccess\MyPortfolio.DataAccess.csproj", "{B1B8B80E-98F5-4ECD-A4DB-54C7B65AA7AE}"
EndProject
Global
	GlobalSection(SolutionConfigurationPlatforms) = preSolution
		Debug|Any CPU = Debug|Any CPU
		Release|Any CPU = Release|Any CPU
	EndGlobalSection
	GlobalSection(ProjectConfigurationPlatforms) = postSolution
		{D0DA10B3-A05E-43CC-AD77-3A5606D4CB8A}.Debug|Any CPU.ActiveCfg = Debug|Any CPU
		{D0DA10B3-A05E-43CC-AD77-3A5606D4CB8A}.Debug|Any CPU.Build.0 = Debug|Any CPU
		{D0DA10B3-A05E-43CC-AD77-3A5606D4CB8A}.Release|Any CPU.ActiveCfg = Release|Any CPU
		{D0DA10B3-A05E-43CC-AD77-3A5606D4CB8A}.Release|Any CPU.Build.0 = Release|Any CPU
		{3EA8C046-C495-495F-8F6D-46846FF2422F}.Debug|Any CPU.ActiveCfg = Debug|Any CPU
		{3EA8C046-C495-495F-8F6D-46846FF2422F}.Debug|Any CPU.Build.0 = Debug|Any CPU
		{3EA8C046-C495-495F-8F6D-46846FF2422F}.Release|Any CPU.ActiveCfg = Release|Any CPU
		{3EA8C046-C495-495F-8F6D-46846FF2422F}.Release|Any CPU.Build.0 = Release|Any CPU
		{B1B8B80E-98F5-4ECD-A4DB-54C7B65AA7AE}.Debug|Any CPU.ActiveCfg = Debug|Any CPU
		{B1B8B80E-98F5-4ECD-A4DB-54C7B65AA7AE}.Debug|Any CPU.Build.0 = Debug|Any CPU
		{B1B8B80E-98F5-4ECD-A4DB-54C7B65AA7AE}.Release|Any CPU.ActiveCfg = Release|Any CPU
		{B1B8B80E-98F5-4ECD-A4DB-54C7B65AA7AE}.Release|Any CPU.Build.0 = Release|Any CPU
	EndGlobalSection
	GlobalSection(SolutionProperties) = preSolution
		HideSolutionNode = FALSE
	EndGlobalSection
	GlobalSection(ExtensibilityGlobals) = postSolution
		SolutionGuid = {D3957F7E-06A6-4D57-BAC2-2D5DA950EF3C}
	EndGlobalSection
EndGlobal
